
Microsoft Visual Studio Solution File, Format Version 12.00
# Visual Studio Version 17
VisualStudioVersion = 17.3.32922.545
MinimumVisualStudioVersion = 10.0.40219.1
Project("{9A19103F-16F7-4668-BE54-9A1E7A4F7556}") = "HybridDb", "src\HybridDb\HybridDb.csproj", "{EA62E0F9-FD38-4020-850F-AEEDA6A3214A}"
EndProject
Project("{9A19103F-16F7-4668-BE54-9A1E7A4F7556}") = "HybridDb.Tests", "src\HybridDb.Tests\HybridDb.Tests.csproj", "{BD3002BF-212A-4630-8195-5B7FE1CCF063}"
EndProject
Project("{2150E333-8FDC-42A3-9474-1A3956D46DE8}") = "Solution Items", "Solution Items", "{FB0A3551-B1FE-4704-825C-AF093C57F7F0}"
	ProjectSection(SolutionItems) = preProject
		appveyor.yml = appveyor.yml
		README.md = README.md
		versionize.ps1 = versionize.ps1
	EndProjectSection
EndProject
Project("{FAE04EC0-301F-11D3-BF4B-00C04F79EFBC}") = "HybridDb.Studio.Playground", "src\HybridDb.Studio.Playground\HybridDb.Studio.Playground.csproj", "{CB83D577-3E56-4C38-BC54-6BDE0C45FEEF}"
EndProject
Global
	GlobalSection(SolutionConfigurationPlatforms) = preSolution
		Debug|Any CPU = Debug|Any CPU
		Release|Any CPU = Release|Any CPU
	EndGlobalSection
	GlobalSection(ProjectConfigurationPlatforms) = postSolution
		{EA62E0F9-FD38-4020-850F-AEEDA6A3214A}.Debug|Any CPU.ActiveCfg = Debug|Any CPU
		{EA62E0F9-FD38-4020-850F-AEEDA6A3214A}.Debug|Any CPU.Build.0 = Debug|Any CPU
		{EA62E0F9-FD38-4020-850F-AEEDA6A3214A}.Release|Any CPU.ActiveCfg = Release|Any CPU
		{EA62E0F9-FD38-4020-850F-AEEDA6A3214A}.Release|Any CPU.Build.0 = Release|Any CPU
		{BD3002BF-212A-4630-8195-5B7FE1CCF063}.Debug|Any CPU.ActiveCfg = Debug|Any CPU
		{BD3002BF-212A-4630-8195-5B7FE1CCF063}.Debug|Any CPU.Build.0 = Debug|Any CPU
		{BD3002BF-212A-4630-8195-5B7FE1CCF063}.Release|Any CPU.ActiveCfg = Release|Any CPU
		{BD3002BF-212A-4630-8195-5B7FE1CCF063}.Release|Any CPU.Build.0 = Release|Any CPU
		{CB83D577-3E56-4C38-BC54-6BDE0C45FEEF}.Debug|Any CPU.ActiveCfg = Debug|Any CPU
		{CB83D577-3E56-4C38-BC54-6BDE0C45FEEF}.Debug|Any CPU.Build.0 = Debug|Any CPU
		{CB83D577-3E56-4C38-BC54-6BDE0C45FEEF}.Release|Any CPU.ActiveCfg = Release|Any CPU
		{CB83D577-3E56-4C38-BC54-6BDE0C45FEEF}.Release|Any CPU.Build.0 = Release|Any CPU
	EndGlobalSection
	GlobalSection(SolutionProperties) = preSolution
		HideSolutionNode = FALSE
	EndGlobalSection
	GlobalSection(ExtensibilityGlobals) = postSolution
		SolutionGuid = {8B221C08-6406-4F4C-A066-632869DB44C0}
	EndGlobalSection
EndGlobal
